<?xml version="1.0" encoding="utf-8"?>
<Project ToolsVersion="4.0" xmlns="http://schemas.microsoft.com/developer/msbuild/2003">
  <ItemGroup>
    <Filter Include="Source Files">
      <UniqueIdentifier>{4FC737F1-C7A5-4376-A066-2A32D752A2FF}</UniqueIdentifier>
      <Extensions>cpp;c;cc;cxx;def;odl;idl;hpj;bat;asm;asmx</Extensions>
    </Filter>
    <Filter Include="Header Files">
      <UniqueIdentifier>{93995380-89BD-4b04-88EB-625FBE52EBFB}</UniqueIdentifier>
      <Extensions>h;hh;hpp;hxx;hm;inl;inc;xsd</Extensions>
    </Filter>
    <Filter Include="Resource Files">
      <UniqueIdentifier>{67DA6AB6-F800-4c08-8B7A-83BB121AAD01}</UniqueIdentifier>
      <Extensions>rc;ico;cur;bmp;dlg;rc2;rct;bin;rgs;gif;jpg;jpeg;jpe;resx;tiff;tif;png;wav;mfcribbon-ms</Extensions>
    </Filter>
    <Filter Include="Source Files\Raytracer">
      <UniqueIdentifier>{b4c9720e-c87d-4cc4-8fc6-64d5299b5e03}</UniqueIdentifier>
    </Filter>
    <Filter Include="Source Files\Input">
      <UniqueIdentifier>{e5fd0ce3-61a1-4a0f-a878-9e711bf74c0d}</UniqueIdentifier>
    </Filter>
    <Filter Include="Source Files\RaytracerAppMachine">
      <UniqueIdentifier>{d9acfb9d-aa59-45c7-93ce-422c145b048d}</UniqueIdentifier>
    </Filter>
    <Filter Include="Source Files\RaytracerAppMachine\RaytracerAppStates">
      <UniqueIdentifier>{3328c108-e91d-4544-80b0-72b89aa7ed9b}</UniqueIdentifier>
    </Filter>
    <Filter Include="Source Files\ThreadPool">
      <UniqueIdentifier>{3f873740-d325-4890-bc66-1a938d58b52e}</UniqueIdentifier>
    </Filter>
    <Filter Include="Source Files\Geom3D">
      <UniqueIdentifier>{7c4c26ec-3d1f-4608-9ade-d7fa9d71b4b3}</UniqueIdentifier>
    </Filter>
    <Filter Include="Source Files\Geom3D\Shapes">
      <UniqueIdentifier>{e9d3a968-c76d-4ef7-9770-6ab9b44b0c37}</UniqueIdentifier>
    </Filter>
    <Filter Include="Source Files\Camera">
      <UniqueIdentifier>{e3688d66-59af-4572-a196-9285c1c588b4}</UniqueIdentifier>
    </Filter>
    <Filter Include="Source Files\Materials">
      <UniqueIdentifier>{8707112f-8b26-4eef-8c93-a9b67e891dd1}</UniqueIdentifier>
    </Filter>
  </ItemGroup>
  <ItemGroup>
    <ClCompile Include="src\main.cpp">
      <Filter>Source Files</Filter>
    </ClCompile>
  </ItemGroup>
  <ItemGroup>
    <ClInclude Include="src\Input\Input.h">
      <Filter>Source Files\Input</Filter>
    </ClInclude>
    <ClInclude Include="src\RaytracerApp.h">
      <Filter>Source Files</Filter>
    </ClInclude>
    <ClInclude Include="src\RaytracerAppMachine\RaytracerAppMachine.h">
      <Filter>Source Files\RaytracerAppMachine</Filter>
    </ClInclude>
    <ClInclude Include="src\RaytracerAppMachine\RaytracerAppStates\RaytracerAppState.h">
      <Filter>Source Files\RaytracerAppMachine\RaytracerAppStates</Filter>
    </ClInclude>
    <ClInclude Include="src\RaytracerAppMachine\RaytracerAppStates.h">
      <Filter>Source Files\RaytracerAppMachine</Filter>
    </ClInclude>
    <ClInclude Include="src\RaytracerAppMachine\RaytracerAppStates\RaytracerAppStateRender.h">
      <Filter>Source Files\RaytracerAppMachine\RaytracerAppStates</Filter>
    </ClInclude>
    <ClInclude Include="src\RaytracerAppMachine\RaytracerAppStates\RaytracerAppStateSelectScene.h">
      <Filter>Source Files\RaytracerAppMachine\RaytracerAppStates</Filter>
    </ClInclude>
    <ClInclude Include="src\Raytracer\Raytracer.h">
      <Filter>Source Files\Raytracer</Filter>
    </ClInclude>
    <ClInclude Include="src\ThreadPool\ThreadPool.h">
      <Filter>Source Files\ThreadPool</Filter>
    </ClInclude>
    <ClInclude Include="src\ThreadPool\ThreadTask.h">
      <Filter>Source Files\ThreadPool</Filter>
    </ClInclude>
    <ClInclude Include="src\ThreadPool\ThreadTaskResult.h">
      <Filter>Source Files\ThreadPool</Filter>
    </ClInclude>
    <ClInclude Include="src\Geom3D\Ray.h">
      <Filter>Source Files\Geom3D</Filter>
    </ClInclude>
    <ClInclude Include="src\Geom3D\Geom3D.h">
      <Filter>Source Files\Geom3D</Filter>
    </ClInclude>
    <ClInclude Include="src\Geom3D\Shapes\Shape.h">
      <Filter>Source Files\Geom3D\Shapes</Filter>
    </ClInclude>
    <ClInclude Include="src\Geom3D\Shapes\Sphere.h">
      <Filter>Source Files\Geom3D\Shapes</Filter>
    </ClInclude>
    <ClInclude Include="src\Camera\Camera.h">
      <Filter>Source Files\Camera</Filter>
    </ClInclude>
    <ClInclude Include="src\Materials\Materials.h">
      <Filter>Source Files\Materials</Filter>
    </ClInclude>
    <ClInclude Include="src\Materials\Material.h">
      <Filter>Source Files\Materials</Filter>
    </ClInclude>
    <ClInclude Include="src\Materials\MaterialDiffuse.h">
      <Filter>Source Files\Materials</Filter>
    </ClInclude>
  </ItemGroup>
</Project>